
Microsoft Visual Studio Solution File, Format Version 12.00
# Visual Studio Version 16
VisualStudioVersion = 16.0.31410.357
MinimumVisualStudioVersion = 10.0.40219.1
Project("{FAE04EC0-301F-11D3-BF4B-00C04F79EFBC}") = "Task1", "Task1\Task1.csproj", "{41BB6DE7-EBC9-46E5-B716-133DCC017F03}"
EndProject
Global
	GlobalSection(SolutionConfigurationPlatforms) = preSolution
		Debug|Any CPU = Debug|Any CPU
		Release|Any CPU = Release|Any CPU
	EndGlobalSection
	GlobalSection(ProjectConfigurationPlatforms) = postSolution
		{41BB6DE7-EBC9-46E5-B716-133DCC017F03}.Debug|Any CPU.ActiveCfg = Debug|Any CPU
		{41BB6DE7-EBC9-46E5-B716-133DCC017F03}.Debug|Any CPU.Build.0 = Debug|Any CPU
		{41BB6DE7-EBC9-46E5-B716-133DCC017F03}.Release|Any CPU.ActiveCfg = Release|Any CPU
		{41BB6DE7-EBC9-46E5-B716-133DCC017F03}.Release|Any CPU.Build.0 = Release|Any CPU
	EndGlobalSection
	GlobalSection(SolutionProperties) = preSolution
		HideSolutionNode = FALSE
	EndGlobalSection
	GlobalSection(ExtensibilityGlobals) = postSolution
		SolutionGuid = {2F1E4436-8E7F-41B2-BE72-ADF24AB25391}
	EndGlobalSection
EndGlobal
